
Microsoft Visual Studio Solution File, Format Version 11.00
# Visual Studio 2010
Project("{FAE04EC0-301F-11D3-BF4B-00C04F79EFBC}") = "FSM", "Assembly-CSharp-firstpass.csproj", "{75B513A7-697A-BC36-F136-5F0DD3F6A967}"
EndProject
Project("{FAE04EC0-301F-11D3-BF4B-00C04F79EFBC}") = "FSM", "Assembly-CSharp.csproj", "{2BFD2026-E953-6356-822D-8B437926CE1A}"
EndProject
Project("{FAE04EC0-301F-11D3-BF4B-00C04F79EFBC}") = "FSM", "Assembly-CSharp-Editor-firstpass.csproj", "{322AC71B-DD68-9FFD-7553-F5C9B51F9BD0}"
EndProject
Global
	GlobalSection(SolutionConfigurationPlatforms) = preSolution
		Debug|Any CPU = Debug|Any CPU
		Release|Any CPU = Release|Any CPU
	EndGlobalSection
	GlobalSection(ProjectConfigurationPlatforms) = postSolution
		{75B513A7-697A-BC36-F136-5F0DD3F6A967}.Debug|Any CPU.ActiveCfg = Debug|Any CPU
		{75B513A7-697A-BC36-F136-5F0DD3F6A967}.Debug|Any CPU.Build.0 = Debug|Any CPU
		{75B513A7-697A-BC36-F136-5F0DD3F6A967}.Release|Any CPU.ActiveCfg = Release|Any CPU
		{75B513A7-697A-BC36-F136-5F0DD3F6A967}.Release|Any CPU.Build.0 = Release|Any CPU
		{2BFD2026-E953-6356-822D-8B437926CE1A}.Debug|Any CPU.ActiveCfg = Debug|Any CPU
		{2BFD2026-E953-6356-822D-8B437926CE1A}.Debug|Any CPU.Build.0 = Debug|Any CPU
		{2BFD2026-E953-6356-822D-8B437926CE1A}.Release|Any CPU.ActiveCfg = Release|Any CPU
		{2BFD2026-E953-6356-822D-8B437926CE1A}.Release|Any CPU.Build.0 = Release|Any CPU
		{322AC71B-DD68-9FFD-7553-F5C9B51F9BD0}.Debug|Any CPU.ActiveCfg = Debug|Any CPU
		{322AC71B-DD68-9FFD-7553-F5C9B51F9BD0}.Debug|Any CPU.Build.0 = Debug|Any CPU
		{322AC71B-DD68-9FFD-7553-F5C9B51F9BD0}.Release|Any CPU.ActiveCfg = Release|Any CPU
		{322AC71B-DD68-9FFD-7553-F5C9B51F9BD0}.Release|Any CPU.Build.0 = Release|Any CPU
	EndGlobalSection
	GlobalSection(SolutionProperties) = preSolution
		HideSolutionNode = FALSE
	EndGlobalSection
	GlobalSection(MonoDevelopProperties) = preSolution
		StartupItem = Assembly-CSharp.csproj
	EndGlobalSection
EndGlobal
